
Microsoft Visual Studio Solution File, Format Version 12.00
# Visual Studio 15
VisualStudioVersion = 15.0.26430.13
MinimumVisualStudioVersion = 10.0.40219.1
Project("{FAE04EC0-301F-11D3-BF4B-00C04F79EFBC}") = "JuegoDeLaVida.Consola", "JuegoDeLaVida.Console\JuegoDeLaVida.Consola.csproj", "{307C6E2B-7C08-42A8-B7BE-8ECF3FF109DC}"
EndProject
Project("{9A19103F-16F7-4668-BE54-9A1E7A4F7556}") = "JuegoDeLaVida.Core", "JuegoDeLaVida.Core\JuegoDeLaVida.Core.csproj", "{635D8D0A-41CD-4C36-BF4E-0FF48D389B1D}"
EndProject
Global
	GlobalSection(SolutionConfigurationPlatforms) = preSolution
		Debug|Any CPU = Debug|Any CPU
		Debug|x86 = Debug|x86
		Release|Any CPU = Release|Any CPU
		Release|x86 = Release|x86
	EndGlobalSection
	GlobalSection(ProjectConfigurationPlatforms) = postSolution
		{307C6E2B-7C08-42A8-B7BE-8ECF3FF109DC}.Debug|Any CPU.ActiveCfg = Debug|Any CPU
		{307C6E2B-7C08-42A8-B7BE-8ECF3FF109DC}.Debug|Any CPU.Build.0 = Debug|Any CPU
		{307C6E2B-7C08-42A8-B7BE-8ECF3FF109DC}.Debug|x86.ActiveCfg = Debug|Any CPU
		{307C6E2B-7C08-42A8-B7BE-8ECF3FF109DC}.Debug|x86.Build.0 = Debug|Any CPU
		{307C6E2B-7C08-42A8-B7BE-8ECF3FF109DC}.Release|Any CPU.ActiveCfg = Release|Any CPU
		{307C6E2B-7C08-42A8-B7BE-8ECF3FF109DC}.Release|Any CPU.Build.0 = Release|Any CPU
		{307C6E2B-7C08-42A8-B7BE-8ECF3FF109DC}.Release|x86.ActiveCfg = Release|Any CPU
		{307C6E2B-7C08-42A8-B7BE-8ECF3FF109DC}.Release|x86.Build.0 = Release|Any CPU
		{635D8D0A-41CD-4C36-BF4E-0FF48D389B1D}.Debug|Any CPU.ActiveCfg = Debug|Any CPU
		{635D8D0A-41CD-4C36-BF4E-0FF48D389B1D}.Debug|Any CPU.Build.0 = Debug|Any CPU
		{635D8D0A-41CD-4C36-BF4E-0FF48D389B1D}.Debug|x86.ActiveCfg = Debug|Any CPU
		{635D8D0A-41CD-4C36-BF4E-0FF48D389B1D}.Debug|x86.Build.0 = Debug|Any CPU
		{635D8D0A-41CD-4C36-BF4E-0FF48D389B1D}.Release|Any CPU.ActiveCfg = Release|Any CPU
		{635D8D0A-41CD-4C36-BF4E-0FF48D389B1D}.Release|Any CPU.Build.0 = Release|Any CPU
		{635D8D0A-41CD-4C36-BF4E-0FF48D389B1D}.Release|x86.ActiveCfg = Release|Any CPU
		{635D8D0A-41CD-4C36-BF4E-0FF48D389B1D}.Release|x86.Build.0 = Release|Any CPU
	EndGlobalSection
	GlobalSection(SolutionProperties) = preSolution
		HideSolutionNode = FALSE
	EndGlobalSection
	GlobalSection(MonoDevelopProperties) = preSolution
		StartupItem = JuegoDeLaVida\JuegoDeLaVida.csproj
	EndGlobalSection
EndGlobal
